// !$*UTF8*$!
{
	archiveVersion = 1;
	classes = {
	};
	objectVersion = 56;
	objects = {

/* Begin PBXBuildFile section */
		0C46209C2C21D1EB0002993F /* AppDelegate.swift in Sources */ = {isa = PBXBuildFile; fileRef = 0C46209B2C21D1EB0002993F /* AppDelegate.swift */; };
		0C46209E2C21D1EB0002993F /* SceneDelegate.swift in Sources */ = {isa = PBXBuildFile; fileRef = 0C46209D2C21D1EB0002993F /* SceneDelegate.swift */; };
		0C4620A02C21D1EB0002993F /* JSONProjectMainVC.swift in Sources */ = {isa = PBXBuildFile; fileRef = 0C46209F2C21D1EB0002993F /* JSONProjectMainVC.swift */; };
		0C4620A32C21D1EB0002993F /* Base in Resources */ = {isa = PBXBuildFile; fileRef = 0C4620A22C21D1EB0002993F /* Base */; };
		0C4620A52C21D1EC0002993F /* Assets.xcassets in Resources */ = {isa = PBXBuildFile; fileRef = 0C4620A42C21D1EC0002993F /* Assets.xcassets */; };
		0C4620A82C21D1EC0002993F /* Base in Resources */ = {isa = PBXBuildFile; fileRef = 0C4620A72C21D1EC0002993F /* Base */; };
		0C4620B32C21D1EC0002993F /* JSONParsingProjectsCollectionTests.swift in Sources */ = {isa = PBXBuildFile; fileRef = 0C4620B22C21D1EC0002993F /* JSONParsingProjectsCollectionTests.swift */; };
		0C4620BD2C21D1EC0002993F /* JSONParsingProjectsCollectionUITests.swift in Sources */ = {isa = PBXBuildFile; fileRef = 0C4620BC2C21D1EC0002993F /* JSONParsingProjectsCollectionUITests.swift */; };
		0C4620BF2C21D1EC0002993F /* JSONParsingProjectsCollectionUITestsLaunchTests.swift in Sources */ = {isa = PBXBuildFile; fileRef = 0C4620BE2C21D1EC0002993F /* JSONParsingProjectsCollectionUITestsLaunchTests.swift */; };
		0C4620D22C21D2AD0002993F /* UserModel.swift in Sources */ = {isa = PBXBuildFile; fileRef = 0C4620D12C21D2AD0002993F /* UserModel.swift */; };
		0C4620D42C21E1C70002993F /* UserDetailsVC.swift in Sources */ = {isa = PBXBuildFile; fileRef = 0C4620D32C21E1C70002993F /* UserDetailsVC.swift */; };
		0C4620D62C21E2BB0002993F /* APIManager.swift in Sources */ = {isa = PBXBuildFile; fileRef = 0C4620D52C21E2BB0002993F /* APIManager.swift */; };
		0C4620D82C21E39F0002993F /* Constants.swift in Sources */ = {isa = PBXBuildFile; fileRef = 0C4620D72C21E39F0002993F /* Constants.swift */; };
		0C4620DA2C21E67E0002993F /* Screen1DataViewModel.swift in Sources */ = {isa = PBXBuildFile; fileRef = 0C4620D92C21E67E0002993F /* Screen1DataViewModel.swift */; };
		0C4620DC2C21E83D0002993F /* APIProtocols.swift in Sources */ = {isa = PBXBuildFile; fileRef = 0C4620DB2C21E83D0002993F /* APIProtocols.swift */; };
		0C4620DE2C21EA700002993F /* Screen1VC.swift in Sources */ = {isa = PBXBuildFile; fileRef = 0C4620DD2C21EA700002993F /* Screen1VC.swift */; };
		0C4620E02C21F73F0002993F /* ActorInfoModel.swift in Sources */ = {isa = PBXBuildFile; fileRef = 0C4620DF2C21F73F0002993F /* ActorInfoModel.swift */; };
		0C4620E22C21F8A80002993F /* Screen2VC.swift in Sources */ = {isa = PBXBuildFile; fileRef = 0C4620E12C21F8A80002993F /* Screen2VC.swift */; };
		0C4620E42C21F9260002993F /* Screen2DataViewModel.swift in Sources */ = {isa = PBXBuildFile; fileRef = 0C4620E32C21F9260002993F /* Screen2DataViewModel.swift */; };
		0C4620E62C21FCCC0002993F /* Extensions.swift in Sources */ = {isa = PBXBuildFile; fileRef = 0C4620E52C21FCCC0002993F /* Extensions.swift */; };
		0CEB98432C23227500519402 /* VideosModel.swift in Sources */ = {isa = PBXBuildFile; fileRef = 0CEB98422C23227500519402 /* VideosModel.swift */; };
		0CEB98492C232D9E00519402 /* Screen3DataViewModel.swift in Sources */ = {isa = PBXBuildFile; fileRef = 0CEB98482C232D9E00519402 /* Screen3DataViewModel.swift */; };
		0CEB984B2C232E8500519402 /* Screen3VC.swift in Sources */ = {isa = PBXBuildFile; fileRef = 0CEB984A2C232E8500519402 /* Screen3VC.swift */; };
		0CEB984D2C233E5300519402 /* NewsModel.swift in Sources */ = {isa = PBXBuildFile; fileRef = 0CEB984C2C233E5300519402 /* NewsModel.swift */; };
		0CEB984F2C233EB600519402 /* Screen4DataViewModel.swift in Sources */ = {isa = PBXBuildFile; fileRef = 0CEB984E2C233EB600519402 /* Screen4DataViewModel.swift */; };
		0CEB98512C23421D00519402 /* Screen4VC.swift in Sources */ = {isa = PBXBuildFile; fileRef = 0CEB98502C23421D00519402 /* Screen4VC.swift */; };
		0CEB98532C2346D500519402 /* NewsFeedCell.swift in Sources */ = {isa = PBXBuildFile; fileRef = 0CEB98522C2346D500519402 /* NewsFeedCell.swift */; };
		0CEB98662C23618900519402 /* MealModel.swift in Sources */ = {isa = PBXBuildFile; fileRef = 0CEB98652C23618900519402 /* MealModel.swift */; };
		0CEB98682C23691F00519402 /* Screen5DataViewModel.swift in Sources */ = {isa = PBXBuildFile; fileRef = 0CEB98672C23691F00519402 /* Screen5DataViewModel.swift */; };
		0CEB986A2C236B8700519402 /* MealsViewController.swift in Sources */ = {isa = PBXBuildFile; fileRef = 0CEB98692C236B8700519402 /* MealsViewController.swift */; };
		0CEB986C2C236D2300519402 /* MealsInfoCell.swift in Sources */ = {isa = PBXBuildFile; fileRef = 0CEB986B2C236D2300519402 /* MealsInfoCell.swift */; };
		0CEB986E2C237ECE00519402 /* DetailedNewsVC.swift in Sources */ = {isa = PBXBuildFile; fileRef = 0CEB986D2C237ECE00519402 /* DetailedNewsVC.swift */; };
/* End PBXBuildFile section */

/* Begin PBXContainerItemProxy section */
		0C4620AF2C21D1EC0002993F /* PBXContainerItemProxy */ = {
			isa = PBXContainerItemProxy;
			containerPortal = 0C4620902C21D1EB0002993F /* Project object */;
			proxyType = 1;
			remoteGlobalIDString = 0C4620972C21D1EB0002993F;
			remoteInfo = JSONParsingProjectsCollection;
		};
		0C4620B92C21D1EC0002993F /* PBXContainerItemProxy */ = {
			isa = PBXContainerItemProxy;
			containerPortal = 0C4620902C21D1EB0002993F /* Project object */;
			proxyType = 1;
			remoteGlobalIDString = 0C4620972C21D1EB0002993F;
			remoteInfo = JSONParsingProjectsCollection;
		};
/* End PBXContainerItemProxy section */

/* Begin PBXFileReference section */
		0C4620982C21D1EB0002993F /* JSONParsingProjectsCollection.app */ = {isa = PBXFileReference; explicitFileType = wrapper.application; includeInIndex = 0; path = JSONParsingProjectsCollection.app; sourceTree = BUILT_PRODUCTS_DIR; };
		0C46209B2C21D1EB0002993F /* AppDelegate.swift */ = {isa = PBXFileReference; lastKnownFileType = sourcecode.swift; path = AppDelegate.swift; sourceTree = "<group>"; };
		0C46209D2C21D1EB0002993F /* SceneDelegate.swift */ = {isa = PBXFileReference; lastKnownFileType = sourcecode.swift; path = SceneDelegate.swift; sourceTree = "<group>"; };
		0C46209F2C21D1EB0002993F /* JSONProjectMainVC.swift */ = {isa = PBXFileReference; lastKnownFileType = sourcecode.swift; path = JSONProjectMainVC.swift; sourceTree = "<group>"; };
		0C4620A22C21D1EB0002993F /* Base */ = {isa = PBXFileReference; lastKnownFileType = file.storyboard; name = Base; path = Base.lproj/Main.storyboard; sourceTree = "<group>"; };
		0C4620A42C21D1EC0002993F /* Assets.xcassets */ = {isa = PBXFileReference; lastKnownFileType = folder.assetcatalog; path = Assets.xcassets; sourceTree = "<group>"; };
		0C4620A72C21D1EC0002993F /* Base */ = {isa = PBXFileReference; lastKnownFileType = file.storyboard; name = Base; path = Base.lproj/LaunchScreen.storyboard; sourceTree = "<group>"; };
		0C4620A92C21D1EC0002993F /* Info.plist */ = {isa = PBXFileReference; lastKnownFileType = text.plist.xml; path = Info.plist; sourceTree = "<group>"; };
		0C4620AE2C21D1EC0002993F /* JSONParsingProjectsCollectionTests.xctest */ = {isa = PBXFileReference; explicitFileType = wrapper.cfbundle; includeInIndex = 0; path = JSONParsingProjectsCollectionTests.xctest; sourceTree = BUILT_PRODUCTS_DIR; };
		0C4620B22C21D1EC0002993F /* JSONParsingProjectsCollectionTests.swift */ = {isa = PBXFileReference; lastKnownFileType = sourcecode.swift; path = JSONParsingProjectsCollectionTests.swift; sourceTree = "<group>"; };
		0C4620B82C21D1EC0002993F /* JSONParsingProjectsCollectionUITests.xctest */ = {isa = PBXFileReference; explicitFileType = wrapper.cfbundle; includeInIndex = 0; path = JSONParsingProjectsCollectionUITests.xctest; sourceTree = BUILT_PRODUCTS_DIR; };
		0C4620BC2C21D1EC0002993F /* JSONParsingProjectsCollectionUITests.swift */ = {isa = PBXFileReference; lastKnownFileType = sourcecode.swift; path = JSONParsingProjectsCollectionUITests.swift; sourceTree = "<group>"; };
		0C4620BE2C21D1EC0002993F /* JSONParsingProjectsCollectionUITestsLaunchTests.swift */ = {isa = PBXFileReference; lastKnownFileType = sourcecode.swift; path = JSONParsingProjectsCollectionUITestsLaunchTests.swift; sourceTree = "<group>"; };
		0C4620D12C21D2AD0002993F /* UserModel.swift */ = {isa = PBXFileReference; lastKnownFileType = sourcecode.swift; path = UserModel.swift; sourceTree = "<group>"; };
		0C4620D32C21E1C70002993F /* UserDetailsVC.swift */ = {isa = PBXFileReference; lastKnownFileType = sourcecode.swift; path = UserDetailsVC.swift; sourceTree = "<group>"; };
		0C4620D52C21E2BB0002993F /* APIManager.swift */ = {isa = PBXFileReference; lastKnownFileType = sourcecode.swift; path = APIManager.swift; sourceTree = "<group>"; };
		0C4620D72C21E39F0002993F /* Constants.swift */ = {isa = PBXFileReference; lastKnownFileType = sourcecode.swift; path = Constants.swift; sourceTree = "<group>"; };
		0C4620D92C21E67E0002993F /* Screen1DataViewModel.swift */ = {isa = PBXFileReference; lastKnownFileType = sourcecode.swift; path = Screen1DataViewModel.swift; sourceTree = "<group>"; };
		0C4620DB2C21E83D0002993F /* APIProtocols.swift */ = {isa = PBXFileReference; lastKnownFileType = sourcecode.swift; path = APIProtocols.swift; sourceTree = "<group>"; };
		0C4620DD2C21EA700002993F /* Screen1VC.swift */ = {isa = PBXFileReference; lastKnownFileType = sourcecode.swift; path = Screen1VC.swift; sourceTree = "<group>"; };
		0C4620DF2C21F73F0002993F /* ActorInfoModel.swift */ = {isa = PBXFileReference; lastKnownFileType = sourcecode.swift; path = ActorInfoModel.swift; sourceTree = "<group>"; };
		0C4620E12C21F8A80002993F /* Screen2VC.swift */ = {isa = PBXFileReference; lastKnownFileType = sourcecode.swift; path = Screen2VC.swift; sourceTree = "<group>"; };
		0C4620E32C21F9260002993F /* Screen2DataViewModel.swift */ = {isa = PBXFileReference; lastKnownFileType = sourcecode.swift; path = Screen2DataViewModel.swift; sourceTree = "<group>"; };
		0C4620E52C21FCCC0002993F /* Extensions.swift */ = {isa = PBXFileReference; lastKnownFileType = sourcecode.swift; path = Extensions.swift; sourceTree = "<group>"; };
		0CEB98422C23227500519402 /* VideosModel.swift */ = {isa = PBXFileReference; lastKnownFileType = sourcecode.swift; path = VideosModel.swift; sourceTree = "<group>"; };
		0CEB98482C232D9E00519402 /* Screen3DataViewModel.swift */ = {isa = PBXFileReference; lastKnownFileType = sourcecode.swift; path = Screen3DataViewModel.swift; sourceTree = "<group>"; };
		0CEB984A2C232E8500519402 /* Screen3VC.swift */ = {isa = PBXFileReference; lastKnownFileType = sourcecode.swift; path = Screen3VC.swift; sourceTree = "<group>"; };
		0CEB984C2C233E5300519402 /* NewsModel.swift */ = {isa = PBXFileReference; lastKnownFileType = sourcecode.swift; path = NewsModel.swift; sourceTree = "<group>"; };
		0CEB984E2C233EB600519402 /* Screen4DataViewModel.swift */ = {isa = PBXFileReference; lastKnownFileType = sourcecode.swift; path = Screen4DataViewModel.swift; sourceTree = "<group>"; };
		0CEB98502C23421D00519402 /* Screen4VC.swift */ = {isa = PBXFileReference; lastKnownFileType = sourcecode.swift; path = Screen4VC.swift; sourceTree = "<group>"; };
		0CEB98522C2346D500519402 /* NewsFeedCell.swift */ = {isa = PBXFileReference; lastKnownFileType = sourcecode.swift; path = NewsFeedCell.swift; sourceTree = "<group>"; };
		0CEB98652C23618900519402 /* MealModel.swift */ = {isa = PBXFileReference; lastKnownFileType = sourcecode.swift; path = MealModel.swift; sourceTree = "<group>"; };
		0CEB98672C23691F00519402 /* Screen5DataViewModel.swift */ = {isa = PBXFileReference; lastKnownFileType = sourcecode.swift; path = Screen5DataViewModel.swift; sourceTree = "<group>"; };
		0CEB98692C236B8700519402 /* MealsViewController.swift */ = {isa = PBXFileReference; lastKnownFileType = sourcecode.swift; path = MealsViewController.swift; sourceTree = "<group>"; };
		0CEB986B2C236D2300519402 /* MealsInfoCell.swift */ = {isa = PBXFileReference; lastKnownFileType = sourcecode.swift; path = MealsInfoCell.swift; sourceTree = "<group>"; };
		0CEB986D2C237ECE00519402 /* DetailedNewsVC.swift */ = {isa = PBXFileReference; lastKnownFileType = sourcecode.swift; path = DetailedNewsVC.swift; sourceTree = "<group>"; };
/* End PBXFileReference section */

/* Begin PBXFrameworksBuildPhase section */
		0C4620952C21D1EB0002993F /* Frameworks */ = {
			isa = PBXFrameworksBuildPhase;
			buildActionMask = 2147483647;
			files = (
			);
			runOnlyForDeploymentPostprocessing = 0;
		};
		0C4620AB2C21D1EC0002993F /* Frameworks */ = {
			isa = PBXFrameworksBuildPhase;
			buildActionMask = 2147483647;
			files = (
			);
			runOnlyForDeploymentPostprocessing = 0;
		};
		0C4620B52C21D1EC0002993F /* Frameworks */ = {
			isa = PBXFrameworksBuildPhase;
			buildActionMask = 2147483647;
			files = (
			);
			runOnlyForDeploymentPostprocessing = 0;
		};
/* End PBXFrameworksBuildPhase section */

/* Begin PBXGroup section */
		0C46208F2C21D1EB0002993F = {
			isa = PBXGroup;
			children = (
				0C46209A2C21D1EB0002993F /* JSONParsingProjectsCollection */,
				0C4620B12C21D1EC0002993F /* JSONParsingProjectsCollectionTests */,
				0C4620BB2C21D1EC0002993F /* JSONParsingProjectsCollectionUITests */,
				0C4620992C21D1EB0002993F /* Products */,
			);
			sourceTree = "<group>";
		};
		0C4620992C21D1EB0002993F /* Products */ = {
			isa = PBXGroup;
			children = (
				0C4620982C21D1EB0002993F /* JSONParsingProjectsCollection.app */,
				0C4620AE2C21D1EC0002993F /* JSONParsingProjectsCollectionTests.xctest */,
				0C4620B82C21D1EC0002993F /* JSONParsingProjectsCollectionUITests.xctest */,
			);
			name = Products;
			sourceTree = "<group>";
		};
		0C46209A2C21D1EB0002993F /* JSONParsingProjectsCollection */ = {
			isa = PBXGroup;
			children = (
				0CEB98612C23605100519402 /* Meals */,
				0CEB985D2C235FF000519402 /* NewsFeed */,
				0CEB98592C235FA000519402 /* Video */,
				0CEB98552C235F1600519402 /* Actor */,
				0CEB98442C2327BD00519402 /* User */,
				0C4620D02C21D2760002993F /* Storyboard */,
				0C4620CF2C21D25F0002993F /* Common */,
				0C4620CE2C21D24F0002993F /* Networking */,
				0C4620CC2C21D2330002993F /* View */,
				0C46209B2C21D1EB0002993F /* AppDelegate.swift */,
				0C46209D2C21D1EB0002993F /* SceneDelegate.swift */,
				0C4620A42C21D1EC0002993F /* Assets.xcassets */,
				0C4620A92C21D1EC0002993F /* Info.plist */,
			);
			path = JSONParsingProjectsCollection;
			sourceTree = "<group>";
		};
		0C4620B12C21D1EC0002993F /* JSONParsingProjectsCollectionTests */ = {
			isa = PBXGroup;
			children = (
				0C4620B22C21D1EC0002993F /* JSONParsingProjectsCollectionTests.swift */,
			);
			path = JSONParsingProjectsCollectionTests;
			sourceTree = "<group>";
		};
		0C4620BB2C21D1EC0002993F /* JSONParsingProjectsCollectionUITests */ = {
			isa = PBXGroup;
			children = (
				0C4620BC2C21D1EC0002993F /* JSONParsingProjectsCollectionUITests.swift */,
				0C4620BE2C21D1EC0002993F /* JSONParsingProjectsCollectionUITestsLaunchTests.swift */,
			);
			path = JSONParsingProjectsCollectionUITests;
			sourceTree = "<group>";
		};
		0C4620CC2C21D2330002993F /* View */ = {
			isa = PBXGroup;
			children = (
				0C46209F2C21D1EB0002993F /* JSONProjectMainVC.swift */,
			);
			path = View;
			sourceTree = "<group>";
		};
		0C4620CE2C21D24F0002993F /* Networking */ = {
			isa = PBXGroup;
			children = (
				0C4620D52C21E2BB0002993F /* APIManager.swift */,
			);
			path = Networking;
			sourceTree = "<group>";
		};
		0C4620CF2C21D25F0002993F /* Common */ = {
			isa = PBXGroup;
			children = (
				0C4620D72C21E39F0002993F /* Constants.swift */,
				0C4620DB2C21E83D0002993F /* APIProtocols.swift */,
				0C4620E52C21FCCC0002993F /* Extensions.swift */,
			);
			path = Common;
			sourceTree = "<group>";
		};
		0C4620D02C21D2760002993F /* Storyboard */ = {
			isa = PBXGroup;
			children = (
				0C4620A12C21D1EB0002993F /* Main.storyboard */,
				0C4620A62C21D1EC0002993F /* LaunchScreen.storyboard */,
			);
			path = Storyboard;
			sourceTree = "<group>";
		};
		0CEB98442C2327BD00519402 /* User */ = {
			isa = PBXGroup;
			children = (
				0CEB98472C2327E500519402 /* Model */,
				0CEB98462C2327DC00519402 /* ViewModel */,
				0CEB98452C2327C700519402 /* UserView */,
			);
			path = User;
			sourceTree = "<group>";
		};
		0CEB98452C2327C700519402 /* UserView */ = {
			isa = PBXGroup;
			children = (
				0C4620DD2C21EA700002993F /* Screen1VC.swift */,
				0C4620D32C21E1C70002993F /* UserDetailsVC.swift */,
			);
			path = UserView;
			sourceTree = "<group>";
		};
		0CEB98462C2327DC00519402 /* ViewModel */ = {
			isa = PBXGroup;
			children = (
				0C4620D92C21E67E0002993F /* Screen1DataViewModel.swift */,
			);
			path = ViewModel;
			sourceTree = "<group>";
		};
		0CEB98472C2327E500519402 /* Model */ = {
			isa = PBXGroup;
			children = (
				0C4620D12C21D2AD0002993F /* UserModel.swift */,
			);
			path = Model;
			sourceTree = "<group>";
		};
		0CEB98552C235F1600519402 /* Actor */ = {
			isa = PBXGroup;
			children = (
				0CEB98582C235F7700519402 /* Model */,
				0CEB98572C235F2900519402 /* ActorView */,
				0CEB98562C235F2100519402 /* ViewModel */,
			);
			path = Actor;
			sourceTree = "<group>";
		};
		0CEB98562C235F2100519402 /* ViewModel */ = {
			isa = PBXGroup;
			children = (
				0C4620E32C21F9260002993F /* Screen2DataViewModel.swift */,
			);
			path = ViewModel;
			sourceTree = "<group>";
		};
		0CEB98572C235F2900519402 /* ActorView */ = {
			isa = PBXGroup;
			children = (
				0C4620E12C21F8A80002993F /* Screen2VC.swift */,
			);
			path = ActorView;
			sourceTree = "<group>";
		};
		0CEB98582C235F7700519402 /* Model */ = {
			isa = PBXGroup;
			children = (
				0C4620DF2C21F73F0002993F /* ActorInfoModel.swift */,
			);
			path = Model;
			sourceTree = "<group>";
		};
		0CEB98592C235FA000519402 /* Video */ = {
			isa = PBXGroup;
			children = (
				0CEB985C2C235FC200519402 /* Model */,
				0CEB985B2C235FBB00519402 /* ViewModel */,
				0CEB985A2C235FAF00519402 /* VideoView */,
			);
			path = Video;
			sourceTree = "<group>";
		};
		0CEB985A2C235FAF00519402 /* VideoView */ = {
			isa = PBXGroup;
			children = (
				0CEB984A2C232E8500519402 /* Screen3VC.swift */,
			);
			path = VideoView;
			sourceTree = "<group>";
		};
		0CEB985B2C235FBB00519402 /* ViewModel */ = {
			isa = PBXGroup;
			children = (
				0CEB98482C232D9E00519402 /* Screen3DataViewModel.swift */,
			);
			path = ViewModel;
			sourceTree = "<group>";
		};
		0CEB985C2C235FC200519402 /* Model */ = {
			isa = PBXGroup;
			children = (
				0CEB98422C23227500519402 /* VideosModel.swift */,
			);
			path = Model;
			sourceTree = "<group>";
		};
		0CEB985D2C235FF000519402 /* NewsFeed */ = {
			isa = PBXGroup;
			children = (
				0CEB98602C23600800519402 /* NewsView */,
				0CEB985F2C23600100519402 /* ViewModel */,
				0CEB985E2C235FFC00519402 /* Model */,
			);
			path = NewsFeed;
			sourceTree = "<group>";
		};
		0CEB985E2C235FFC00519402 /* Model */ = {
			isa = PBXGroup;
			children = (
				0CEB984C2C233E5300519402 /* NewsModel.swift */,
			);
			path = Model;
			sourceTree = "<group>";
		};
		0CEB985F2C23600100519402 /* ViewModel */ = {
			isa = PBXGroup;
			children = (
				0CEB984E2C233EB600519402 /* Screen4DataViewModel.swift */,
			);
			path = ViewModel;
			sourceTree = "<group>";
		};
		0CEB98602C23600800519402 /* NewsView */ = {
			isa = PBXGroup;
			children = (
				0CEB98502C23421D00519402 /* Screen4VC.swift */,
				0CEB98522C2346D500519402 /* NewsFeedCell.swift */,
				0CEB986D2C237ECE00519402 /* DetailedNewsVC.swift */,
			);
			path = NewsView;
			sourceTree = "<group>";
		};
		0CEB98612C23605100519402 /* Meals */ = {
			isa = PBXGroup;
			children = (
				0CEB98642C23616F00519402 /* Model */,
				0CEB98632C23616700519402 /* ViewModel */,
				0CEB98622C23615B00519402 /* MealView */,
			);
			path = Meals;
			sourceTree = "<group>";
		};
		0CEB98622C23615B00519402 /* MealView */ = {
			isa = PBXGroup;
			children = (
				0CEB98692C236B8700519402 /* MealsViewController.swift */,
				0CEB986B2C236D2300519402 /* MealsInfoCell.swift */,
			);
			path = MealView;
			sourceTree = "<group>";
		};
		0CEB98632C23616700519402 /* ViewModel */ = {
			isa = PBXGroup;
			children = (
				0CEB98672C23691F00519402 /* Screen5DataViewModel.swift */,
			);
			path = ViewModel;
			sourceTree = "<group>";
		};
		0CEB98642C23616F00519402 /* Model */ = {
			isa = PBXGroup;
			children = (
				0CEB98652C23618900519402 /* MealModel.swift */,
			);
			path = Model;
			sourceTree = "<group>";
		};
/* End PBXGroup section */

/* Begin PBXNativeTarget section */
		0C4620972C21D1EB0002993F /* JSONParsingProjectsCollection */ = {
			isa = PBXNativeTarget;
			buildConfigurationList = 0C4620C22C21D1EC0002993F /* Build configuration list for PBXNativeTarget "JSONParsingProjectsCollection" */;
			buildPhases = (
				0C4620942C21D1EB0002993F /* Sources */,
				0C4620952C21D1EB0002993F /* Frameworks */,
				0C4620962C21D1EB0002993F /* Resources */,
			);
			buildRules = (
			);
			dependencies = (
			);
			name = JSONParsingProjectsCollection;
			productName = JSONParsingProjectsCollection;
			productReference = 0C4620982C21D1EB0002993F /* JSONParsingProjectsCollection.app */;
			productType = "com.apple.product-type.application";
		};
		0C4620AD2C21D1EC0002993F /* JSONParsingProjectsCollectionTests */ = {
			isa = PBXNativeTarget;
			buildConfigurationList = 0C4620C52C21D1EC0002993F /* Build configuration list for PBXNativeTarget "JSONParsingProjectsCollectionTests" */;
			buildPhases = (
				0C4620AA2C21D1EC0002993F /* Sources */,
				0C4620AB2C21D1EC0002993F /* Frameworks */,
				0C4620AC2C21D1EC0002993F /* Resources */,
			);
			buildRules = (
			);
			dependencies = (
				0C4620B02C21D1EC0002993F /* PBXTargetDependency */,
			);
			name = JSONParsingProjectsCollectionTests;
			productName = JSONParsingProjectsCollectionTests;
			productReference = 0C4620AE2C21D1EC0002993F /* JSONParsingProjectsCollectionTests.xctest */;
			productType = "com.apple.product-type.bundle.unit-test";
		};
		0C4620B72C21D1EC0002993F /* JSONParsingProjectsCollectionUITests */ = {
			isa = PBXNativeTarget;
			buildConfigurationList = 0C4620C82C21D1EC0002993F /* Build configuration list for PBXNativeTarget "JSONParsingProjectsCollectionUITests" */;
			buildPhases = (
				0C4620B42C21D1EC0002993F /* Sources */,
				0C4620B52C21D1EC0002993F /* Frameworks */,
				0C4620B62C21D1EC0002993F /* Resources */,
			);
			buildRules = (
			);
			dependencies = (
				0C4620BA2C21D1EC0002993F /* PBXTargetDependency */,
			);
			name = JSONParsingProjectsCollectionUITests;
			productName = JSONParsingProjectsCollectionUITests;
			productReference = 0C4620B82C21D1EC0002993F /* JSONParsingProjectsCollectionUITests.xctest */;
			productType = "com.apple.product-type.bundle.ui-testing";
		};
/* End PBXNativeTarget section */

/* Begin PBXProject section */
		0C4620902C21D1EB0002993F /* Project object */ = {
			isa = PBXProject;
			attributes = {
				BuildIndependentTargetsInParallel = 1;
				LastSwiftUpdateCheck = 1540;
				LastUpgradeCheck = 1540;
				TargetAttributes = {
					0C4620972C21D1EB0002993F = {
						CreatedOnToolsVersion = 15.4;
					};
					0C4620AD2C21D1EC0002993F = {
						CreatedOnToolsVersion = 15.4;
						TestTargetID = 0C4620972C21D1EB0002993F;
					};
					0C4620B72C21D1EC0002993F = {
						CreatedOnToolsVersion = 15.4;
						TestTargetID = 0C4620972C21D1EB0002993F;
					};
				};
			};
			buildConfigurationList = 0C4620932C21D1EB0002993F /* Build configuration list for PBXProject "JSONParsingProjectsCollection" */;
			compatibilityVersion = "Xcode 14.0";
			developmentRegion = en;
			hasScannedForEncodings = 0;
			knownRegions = (
				en,
				Base,
			);
			mainGroup = 0C46208F2C21D1EB0002993F;
			productRefGroup = 0C4620992C21D1EB0002993F /* Products */;
			projectDirPath = "";
			projectRoot = "";
			targets = (
				0C4620972C21D1EB0002993F /* JSONParsingProjectsCollection */,
				0C4620AD2C21D1EC0002993F /* JSONParsingProjectsCollectionTests */,
				0C4620B72C21D1EC0002993F /* JSONParsingProjectsCollectionUITests */,
			);
		};
/* End PBXProject section */

/* Begin PBXResourcesBuildPhase section */
		0C4620962C21D1EB0002993F /* Resources */ = {
			isa = PBXResourcesBuildPhase;
			buildActionMask = 2147483647;
			files = (
				0C4620A52C21D1EC0002993F /* Assets.xcassets in Resources */,
				0C4620A82C21D1EC0002993F /* Base in Resources */,
				0C4620A32C21D1EB0002993F /* Base in Resources */,
			);
			runOnlyForDeploymentPostprocessing = 0;
		};
		0C4620AC2C21D1EC0002993F /* Resources */ = {
			isa = PBXResourcesBuildPhase;
			buildActionMask = 2147483647;
			files = (
			);
			runOnlyForDeploymentPostprocessing = 0;
		};
		0C4620B62C21D1EC0002993F /* Resources */ = {
			isa = PBXResourcesBuildPhase;
			buildActionMask = 2147483647;
			files = (
			);
			runOnlyForDeploymentPostprocessing = 0;
		};
/* End PBXResourcesBuildPhase section */

/* Begin PBXSourcesBuildPhase section */
		0C4620942C21D1EB0002993F /* Sources */ = {
			isa = PBXSourcesBuildPhase;
			buildActionMask = 2147483647;
			files = (
				0C4620D62C21E2BB0002993F /* APIManager.swift in Sources */,
				0CEB98682C23691F00519402 /* Screen5DataViewModel.swift in Sources */,
				0C4620D42C21E1C70002993F /* UserDetailsVC.swift in Sources */,
				0C4620A02C21D1EB0002993F /* JSONProjectMainVC.swift in Sources */,
				0C4620DC2C21E83D0002993F /* APIProtocols.swift in Sources */,
				0C46209C2C21D1EB0002993F /* AppDelegate.swift in Sources */,
				0C4620E02C21F73F0002993F /* ActorInfoModel.swift in Sources */,
				0CEB98432C23227500519402 /* VideosModel.swift in Sources */,
				0C4620DA2C21E67E0002993F /* Screen1DataViewModel.swift in Sources */,
				0CEB986C2C236D2300519402 /* MealsInfoCell.swift in Sources */,
				0C4620D82C21E39F0002993F /* Constants.swift in Sources */,
				0C4620D22C21D2AD0002993F /* UserModel.swift in Sources */,
				0C4620E42C21F9260002993F /* Screen2DataViewModel.swift in Sources */,
				0CEB98532C2346D500519402 /* NewsFeedCell.swift in Sources */,
				0CEB986A2C236B8700519402 /* MealsViewController.swift in Sources */,
				0CEB984F2C233EB600519402 /* Screen4DataViewModel.swift in Sources */,
				0C4620E22C21F8A80002993F /* Screen2VC.swift in Sources */,
				0CEB986E2C237ECE00519402 /* DetailedNewsVC.swift in Sources */,
				0CEB98662C23618900519402 /* MealModel.swift in Sources */,
				0CEB984D2C233E5300519402 /* NewsModel.swift in Sources */,
				0C4620DE2C21EA700002993F /* Screen1VC.swift in Sources */,
				0C46209E2C21D1EB0002993F /* SceneDelegate.swift in Sources */,
				0CEB98492C232D9E00519402 /* Screen3DataViewModel.swift in Sources */,
				0CEB984B2C232E8500519402 /* Screen3VC.swift in Sources */,
				0C4620E62C21FCCC0002993F /* Extensions.swift in Sources */,
				0CEB98512C23421D00519402 /* Screen4VC.swift in Sources */,
			);
			runOnlyForDeploymentPostprocessing = 0;
		};
		0C4620AA2C21D1EC0002993F /* Sources */ = {
			isa = PBXSourcesBuildPhase;
			buildActionMask = 2147483647;
			files = (
				0C4620B32C21D1EC0002993F /* JSONParsingProjectsCollectionTests.swift in Sources */,
			);
			runOnlyForDeploymentPostprocessing = 0;
		};
		0C4620B42C21D1EC0002993F /* Sources */ = {
			isa = PBXSourcesBuildPhase;
			buildActionMask = 2147483647;
			files = (
				0C4620BD2C21D1EC0002993F /* JSONParsingProjectsCollectionUITests.swift in Sources */,
				0C4620BF2C21D1EC0002993F /* JSONParsingProjectsCollectionUITestsLaunchTests.swift in Sources */,
			);
			runOnlyForDeploymentPostprocessing = 0;
		};
/* End PBXSourcesBuildPhase section */

/* Begin PBXTargetDependency section */
		0C4620B02C21D1EC0002993F /* PBXTargetDependency */ = {
			isa = PBXTargetDependency;
			target = 0C4620972C21D1EB0002993F /* JSONParsingProjectsCollection */;
			targetProxy = 0C4620AF2C21D1EC0002993F /* PBXContainerItemProxy */;
		};
		0C4620BA2C21D1EC0002993F /* PBXTargetDependency */ = {
			isa = PBXTargetDependency;
			target = 0C4620972C21D1EB0002993F /* JSONParsingProjectsCollection */;
			targetProxy = 0C4620B92C21D1EC0002993F /* PBXContainerItemProxy */;
		};
/* End PBXTargetDependency section */

/* Begin PBXVariantGroup section */
		0C4620A12C21D1EB0002993F /* Main.storyboard */ = {
			isa = PBXVariantGroup;
			children = (
				0C4620A22C21D1EB0002993F /* Base */,
			);
			name = Main.storyboard;
			sourceTree = "<group>";
		};
		0C4620A62C21D1EC0002993F /* LaunchScreen.storyboard */ = {
			isa = PBXVariantGroup;
			children = (
				0C4620A72C21D1EC0002993F /* Base */,
			);
			name = LaunchScreen.storyboard;
			sourceTree = "<group>";
		};
/* End PBXVariantGroup section */

/* Begin XCBuildConfiguration section */
		0C4620C02C21D1EC0002993F /* Debug */ = {
			isa = XCBuildConfiguration;
			buildSettings = {
				ALWAYS_SEARCH_USER_PATHS = NO;
				ASSETCATALOG_COMPILER_GENERATE_SWIFT_ASSET_SYMBOL_EXTENSIONS = YES;
				CLANG_ANALYZER_NONNULL = YES;
				CLANG_ANALYZER_NUMBER_OBJECT_CONVERSION = YES_AGGRESSIVE;
				CLANG_CXX_LANGUAGE_STANDARD = "gnu++20";
				CLANG_ENABLE_MODULES = YES;
				CLANG_ENABLE_OBJC_ARC = YES;
				CLANG_ENABLE_OBJC_WEAK = YES;
				CLANG_WARN_BLOCK_CAPTURE_AUTORELEASING = YES;
				CLANG_WARN_BOOL_CONVERSION = YES;
				CLANG_WARN_COMMA = YES;
				CLANG_WARN_CONSTANT_CONVERSION = YES;
				CLANG_WARN_DEPRECATED_OBJC_IMPLEMENTATIONS = YES;
				CLANG_WARN_DIRECT_OBJC_ISA_USAGE = YES_ERROR;
				CLANG_WARN_DOCUMENTATION_COMMENTS = YES;
				CLANG_WARN_EMPTY_BODY = YES;
				CLANG_WARN_ENUM_CONVERSION = YES;
				CLANG_WARN_INFINITE_RECURSION = YES;
				CLANG_WARN_INT_CONVERSION = YES;
				CLANG_WARN_NON_LITERAL_NULL_CONVERSION = YES;
				CLANG_WARN_OBJC_IMPLICIT_RETAIN_SELF = YES;
				CLANG_WARN_OBJC_LITERAL_CONVERSION = YES;
				CLANG_WARN_OBJC_ROOT_CLASS = YES_ERROR;
				CLANG_WARN_QUOTED_INCLUDE_IN_FRAMEWORK_HEADER = YES;
				CLANG_WARN_RANGE_LOOP_ANALYSIS = YES;
				CLANG_WARN_STRICT_PROTOTYPES = YES;
				CLANG_WARN_SUSPICIOUS_MOVE = YES;
				CLANG_WARN_UNGUARDED_AVAILABILITY = YES_AGGRESSIVE;
				CLANG_WARN_UNREACHABLE_CODE = YES;
				CLANG_WARN__DUPLICATE_METHOD_MATCH = YES;
				COPY_PHASE_STRIP = NO;
				DEBUG_INFORMATION_FORMAT = dwarf;
				ENABLE_STRICT_OBJC_MSGSEND = YES;
				ENABLE_TESTABILITY = YES;
				ENABLE_USER_SCRIPT_SANDBOXING = YES;
				GCC_C_LANGUAGE_STANDARD = gnu17;
				GCC_DYNAMIC_NO_PIC = NO;
				GCC_NO_COMMON_BLOCKS = YES;
				GCC_OPTIMIZATION_LEVEL = 0;
				GCC_PREPROCESSOR_DEFINITIONS = (
					"DEBUG=1",
					"$(inherited)",
				);
				GCC_WARN_64_TO_32_BIT_CONVERSION = YES;
				GCC_WARN_ABOUT_RETURN_TYPE = YES_ERROR;
				GCC_WARN_UNDECLARED_SELECTOR = YES;
				GCC_WARN_UNINITIALIZED_AUTOS = YES_AGGRESSIVE;
				GCC_WARN_UNUSED_FUNCTION = YES;
				GCC_WARN_UNUSED_VARIABLE = YES;
				IPHONEOS_DEPLOYMENT_TARGET = 17.5;
				LOCALIZATION_PREFERS_STRING_CATALOGS = YES;
				MTL_ENABLE_DEBUG_INFO = INCLUDE_SOURCE;
				MTL_FAST_MATH = YES;
				ONLY_ACTIVE_ARCH = YES;
				SDKROOT = iphoneos;
				SWIFT_ACTIVE_COMPILATION_CONDITIONS = "DEBUG $(inherited)";
				SWIFT_OPTIMIZATION_LEVEL = "-Onone";
			};
			name = Debug;
		};
		0C4620C12C21D1EC0002993F /* Release */ = {
			isa = XCBuildConfiguration;
			buildSettings = {
				ALWAYS_SEARCH_USER_PATHS = NO;
				ASSETCATALOG_COMPILER_GENERATE_SWIFT_ASSET_SYMBOL_EXTENSIONS = YES;
				CLANG_ANALYZER_NONNULL = YES;
				CLANG_ANALYZER_NUMBER_OBJECT_CONVERSION = YES_AGGRESSIVE;
				CLANG_CXX_LANGUAGE_STANDARD = "gnu++20";
				CLANG_ENABLE_MODULES = YES;
				CLANG_ENABLE_OBJC_ARC = YES;
				CLANG_ENABLE_OBJC_WEAK = YES;
				CLANG_WARN_BLOCK_CAPTURE_AUTORELEASING = YES;
				CLANG_WARN_BOOL_CONVERSION = YES;
				CLANG_WARN_COMMA = YES;
				CLANG_WARN_CONSTANT_CONVERSION = YES;
				CLANG_WARN_DEPRECATED_OBJC_IMPLEMENTATIONS = YES;
				CLANG_WARN_DIRECT_OBJC_ISA_USAGE = YES_ERROR;
				CLANG_WARN_DOCUMENTATION_COMMENTS = YES;
				CLANG_WARN_EMPTY_BODY = YES;
				CLANG_WARN_ENUM_CONVERSION = YES;
				CLANG_WARN_INFINITE_RECURSION = YES;
				CLANG_WARN_INT_CONVERSION = YES;
				CLANG_WARN_NON_LITERAL_NULL_CONVERSION = YES;
				CLANG_WARN_OBJC_IMPLICIT_RETAIN_SELF = YES;
				CLANG_WARN_OBJC_LITERAL_CONVERSION = YES;
				CLANG_WARN_OBJC_ROOT_CLASS = YES_ERROR;
				CLANG_WARN_QUOTED_INCLUDE_IN_FRAMEWORK_HEADER = YES;
				CLANG_WARN_RANGE_LOOP_ANALYSIS = YES;
				CLANG_WARN_STRICT_PROTOTYPES = YES;
				CLANG_WARN_SUSPICIOUS_MOVE = YES;
				CLANG_WARN_UNGUARDED_AVAILABILITY = YES_AGGRESSIVE;
				CLANG_WARN_UNREACHABLE_CODE = YES;
				CLANG_WARN__DUPLICATE_METHOD_MATCH = YES;
				COPY_PHASE_STRIP = NO;
				DEBUG_INFORMATION_FORMAT = "dwarf-with-dsym";
				ENABLE_NS_ASSERTIONS = NO;
				ENABLE_STRICT_OBJC_MSGSEND = YES;
				ENABLE_USER_SCRIPT_SANDBOXING = YES;
				GCC_C_LANGUAGE_STANDARD = gnu17;
				GCC_NO_COMMON_BLOCKS = YES;
				GCC_WARN_64_TO_32_BIT_CONVERSION = YES;
				GCC_WARN_ABOUT_RETURN_TYPE = YES_ERROR;
				GCC_WARN_UNDECLARED_SELECTOR = YES;
				GCC_WARN_UNINITIALIZED_AUTOS = YES_AGGRESSIVE;
				GCC_WARN_UNUSED_FUNCTION = YES;
				GCC_WARN_UNUSED_VARIABLE = YES;
				IPHONEOS_DEPLOYMENT_TARGET = 17.5;
				LOCALIZATION_PREFERS_STRING_CATALOGS = YES;
				MTL_ENABLE_DEBUG_INFO = NO;
				MTL_FAST_MATH = YES;
				SDKROOT = iphoneos;
				SWIFT_COMPILATION_MODE = wholemodule;
				VALIDATE_PRODUCT = YES;
			};
			name = Release;
		};
		0C4620C32C21D1EC0002993F /* Debug */ = {
			isa = XCBuildConfiguration;
			buildSettings = {
				ASSETCATALOG_COMPILER_APPICON_NAME = AppIcon;
				ASSETCATALOG_COMPILER_GLOBAL_ACCENT_COLOR_NAME = AccentColor;
				CODE_SIGN_STYLE = Automatic;
				CURRENT_PROJECT_VERSION = 1;
				GENERATE_INFOPLIST_FILE = YES;
				INFOPLIST_FILE = JSONParsingProjectsCollection/Info.plist;
				INFOPLIST_KEY_UIApplicationSupportsIndirectInputEvents = YES;
				INFOPLIST_KEY_UILaunchStoryboardName = LaunchScreen;
				INFOPLIST_KEY_UIMainStoryboardFile = Main;
				INFOPLIST_KEY_UISupportedInterfaceOrientations_iPad = "UIInterfaceOrientationPortrait UIInterfaceOrientationPortraitUpsideDown UIInterfaceOrientationLandscapeLeft UIInterfaceOrientationLandscapeRight";
				INFOPLIST_KEY_UISupportedInterfaceOrientations_iPhone = "UIInterfaceOrientationPortrait UIInterfaceOrientationLandscapeLeft UIInterfaceOrientationLandscapeRight";
				LD_RUNPATH_SEARCH_PATHS = (
					"$(inherited)",
					"@executable_path/Frameworks",
				);
				MARKETING_VERSION = 1.0;
				PRODUCT_BUNDLE_IDENTIFIER = com.kuldeepSingh.development.JSONParsingProjectsCollection;
				PRODUCT_NAME = "$(TARGET_NAME)";
				SWIFT_EMIT_LOC_STRINGS = YES;
				SWIFT_VERSION = 5.0;
				TARGETED_DEVICE_FAMILY = "1,2";
			};
			name = Debug;
		};
		0C4620C42C21D1EC0002993F /* Release */ = {
			isa = XCBuildConfiguration;
			buildSettings = {
				ASSETCATALOG_COMPILER_APPICON_NAME = AppIcon;
				ASSETCATALOG_COMPILER_GLOBAL_ACCENT_COLOR_NAME = AccentColor;
				CODE_SIGN_STYLE = Automatic;
				CURRENT_PROJECT_VERSION = 1;
				GENERATE_INFOPLIST_FILE = YES;
				INFOPLIST_FILE = JSONParsingProjectsCollection/Info.plist;
				INFOPLIST_KEY_UIApplicationSupportsIndirectInputEvents = YES;
				INFOPLIST_KEY_UILaunchStoryboardName = LaunchScreen;
				INFOPLIST_KEY_UIMainStoryboardFile = Main;
				INFOPLIST_KEY_UISupportedInterfaceOrientations_iPad = "UIInterfaceOrientationPortrait UIInterfaceOrientationPortraitUpsideDown UIInterfaceOrientationLandscapeLeft UIInterfaceOrientationLandscapeRight";
				INFOPLIST_KEY_UISupportedInterfaceOrientations_iPhone = "UIInterfaceOrientationPortrait UIInterfaceOrientationLandscapeLeft UIInterfaceOrientationLandscapeRight";
				LD_RUNPATH_SEARCH_PATHS = (
					"$(inherited)",
					"@executable_path/Frameworks",
				);
				MARKETING_VERSION = 1.0;
				PRODUCT_BUNDLE_IDENTIFIER = com.kuldeepSingh.development.JSONParsingProjectsCollection;
				PRODUCT_NAME = "$(TARGET_NAME)";
				SWIFT_EMIT_LOC_STRINGS = YES;
				SWIFT_VERSION = 5.0;
				TARGETED_DEVICE_FAMILY = "1,2";
			};
			name = Release;
		};
		0C4620C62C21D1EC0002993F /* Debug */ = {
			isa = XCBuildConfiguration;
			buildSettings = {
				ALWAYS_EMBED_SWIFT_STANDARD_LIBRARIES = YES;
				BUNDLE_LOADER = "$(TEST_HOST)";
				CODE_SIGN_STYLE = Automatic;
				CURRENT_PROJECT_VERSION = 1;
				GENERATE_INFOPLIST_FILE = YES;
				IPHONEOS_DEPLOYMENT_TARGET = 17.5;
				MARKETING_VERSION = 1.0;
				PRODUCT_BUNDLE_IDENTIFIER = com.kuldeepSingh.development.JSONParsingProjectsCollectionTests;
				PRODUCT_NAME = "$(TARGET_NAME)";
				SWIFT_EMIT_LOC_STRINGS = NO;
				SWIFT_VERSION = 5.0;
				TARGETED_DEVICE_FAMILY = "1,2";
				TEST_HOST = "$(BUILT_PRODUCTS_DIR)/JSONParsingProjectsCollection.app/$(BUNDLE_EXECUTABLE_FOLDER_PATH)/JSONParsingProjectsCollection";
			};
			name = Debug;
		};
		0C4620C72C21D1EC0002993F /* Release */ = {
			isa = XCBuildConfiguration;
			buildSettings = {
				ALWAYS_EMBED_SWIFT_STANDARD_LIBRARIES = YES;
				BUNDLE_LOADER = "$(TEST_HOST)";
				CODE_SIGN_STYLE = Automatic;
				CURRENT_PROJECT_VERSION = 1;
				GENERATE_INFOPLIST_FILE = YES;
				IPHONEOS_DEPLOYMENT_TARGET = 17.5;
				MARKETING_VERSION = 1.0;
				PRODUCT_BUNDLE_IDENTIFIER = com.kuldeepSingh.development.JSONParsingProjectsCollectionTests;
				PRODUCT_NAME = "$(TARGET_NAME)";
				SWIFT_EMIT_LOC_STRINGS = NO;
				SWIFT_VERSION = 5.0;
				TARGETED_DEVICE_FAMILY = "1,2";
				TEST_HOST = "$(BUILT_PRODUCTS_DIR)/JSONParsingProjectsCollection.app/$(BUNDLE_EXECUTABLE_FOLDER_PATH)/JSONParsingProjectsCollection";
			};
			name = Release;
		};
		0C4620C92C21D1EC0002993F /* Debug */ = {
			isa = XCBuildConfiguration;
			buildSettings = {
				ALWAYS_EMBED_SWIFT_STANDARD_LIBRARIES = YES;
				CODE_SIGN_STYLE = Automatic;
				CURRENT_PROJECT_VERSION = 1;
				GENERATE_INFOPLIST_FILE = YES;
				MARKETING_VERSION = 1.0;
				PRODUCT_BUNDLE_IDENTIFIER = com.kuldeepSingh.development.JSONParsingProjectsCollectionUITests;
				PRODUCT_NAME = "$(TARGET_NAME)";
				SWIFT_EMIT_LOC_STRINGS = NO;
				SWIFT_VERSION = 5.0;
				TARGETED_DEVICE_FAMILY = "1,2";
				TEST_TARGET_NAME = JSONParsingProjectsCollection;
			};
			name = Debug;
		};
		0C4620CA2C21D1EC0002993F /* Release */ = {
			isa = XCBuildConfiguration;
			buildSettings = {
				ALWAYS_EMBED_SWIFT_STANDARD_LIBRARIES = YES;
				CODE_SIGN_STYLE = Automatic;
				CURRENT_PROJECT_VERSION = 1;
				GENERATE_INFOPLIST_FILE = YES;
				MARKETING_VERSION = 1.0;
				PRODUCT_BUNDLE_IDENTIFIER = com.kuldeepSingh.development.JSONParsingProjectsCollectionUITests;
				PRODUCT_NAME = "$(TARGET_NAME)";
				SWIFT_EMIT_LOC_STRINGS = NO;
				SWIFT_VERSION = 5.0;
				TARGETED_DEVICE_FAMILY = "1,2";
				TEST_TARGET_NAME = JSONParsingProjectsCollection;
			};
			name = Release;
		};
/* End XCBuildConfiguration section */

/* Begin XCConfigurationList section */
		0C4620932C21D1EB0002993F /* Build configuration list for PBXProject "JSONParsingProjectsCollection" */ = {
			isa = XCConfigurationList;
			buildConfigurations = (
				0C4620C02C21D1EC0002993F /* Debug */,
				0C4620C12C21D1EC0002993F /* Release */,
			);
			defaultConfigurationIsVisible = 0;
			defaultConfigurationName = Release;
		};
		0C4620C22C21D1EC0002993F /* Build configuration list for PBXNativeTarget "JSONParsingProjectsCollection" */ = {
			isa = XCConfigurationList;
			buildConfigurations = (
				0C4620C32C21D1EC0002993F /* Debug */,
				0C4620C42C21D1EC0002993F /* Release */,
			);
			defaultConfigurationIsVisible = 0;
			defaultConfigurationName = Release;
		};
		0C4620C52C21D1EC0002993F /* Build configuration list for PBXNativeTarget "JSONParsingProjectsCollectionTests" */ = {
			isa = XCConfigurationList;
			buildConfigurations = (
				0C4620C62C21D1EC0002993F /* Debug */,
				0C4620C72C21D1EC0002993F /* Release */,
			);
			defaultConfigurationIsVisible = 0;
			defaultConfigurationName = Release;
		};
		0C4620C82C21D1EC0002993F /* Build configuration list for PBXNativeTarget "JSONParsingProjectsCollectionUITests" */ = {
			isa = XCConfigurationList;
			buildConfigurations = (
				0C4620C92C21D1EC0002993F /* Debug */,
				0C4620CA2C21D1EC0002993F /* Release */,
			);
			defaultConfigurationIsVisible = 0;
			defaultConfigurationName = Release;
		};
/* End XCConfigurationList section */
	};
	rootObject = 0C4620902C21D1EB0002993F /* Project object */;
}
